
Microsoft Visual Studio Solution File, Format Version 12.00
# Visual Studio Version 16
VisualStudioVersion = 16.0.29324.140
MinimumVisualStudioVersion = 10.0.40219.1
Project("{FAE04EC0-301F-11D3-BF4B-00C04F79EFBC}") = "TenantsApp.Android", "TenantsApp.Android\TenantsApp.Android.csproj", "{002B001F-54CF-418D-94B2-6C03E2C6E384}"
EndProject
Project("{FAE04EC0-301F-11D3-BF4B-00C04F79EFBC}") = "TenantsApp.iOS", "TenantsApp.iOS\TenantsApp.iOS.csproj", "{05862E9B-EAC8-46E0-B5A1-D37C88327A30}"
EndProject
Project("{9A19103F-16F7-4668-BE54-9A1E7A4F7556}") = "TenantsApp", "TenantsApp\TenantsApp.csproj", "{2FDFC045-6C0B-438F-9576-33DD5E4F22BF}"
EndProject
Project("{9A19103F-16F7-4668-BE54-9A1E7A4F7556}") = "TenantsApp.Entities", "TenantsApp.Entities\TenantsApp.Entities.csproj", "{79960C06-09DE-4A38-BA0F-C4F8081C4CA8}"
EndProject
Project("{2150E333-8FDC-42A3-9474-1A3956D46DE8}") = "Platforms", "Platforms", "{53F4C7AD-42F7-401D-ADD9-6F1210E9EF73}"
EndProject
Project("{9A19103F-16F7-4668-BE54-9A1E7A4F7556}") = "TenantsApp.Shared", "TenantsApp.Shared\TenantsApp.Shared.csproj", "{7164E164-3DC3-45F1-BD75-3BA0F1E022BF}"
EndProject
Project("{9A19103F-16F7-4668-BE54-9A1E7A4F7556}") = "TenantsApp.Repository", "TenantsApp.Repository\TenantsApp.Repository.csproj", "{4B24E836-70D0-4016-9E35-87565E6277DA}"
EndProject
Project("{FAE04EC0-301F-11D3-BF4B-00C04F79EFBC}") = "TenantsApp.Bl", "TenantsApp.Bl\TenantsApp.Bl.csproj", "{C8977D71-3041-44C1-82B0-F3DF0FC87B4A}"
EndProject
Global
	GlobalSection(SolutionConfigurationPlatforms) = preSolution
		Debug|Any CPU = Debug|Any CPU
		Debug|iPhone = Debug|iPhone
		Debug|iPhoneSimulator = Debug|iPhoneSimulator
		Release|Any CPU = Release|Any CPU
		Release|iPhone = Release|iPhone
		Release|iPhoneSimulator = Release|iPhoneSimulator
	EndGlobalSection
	GlobalSection(ProjectConfigurationPlatforms) = postSolution
		{002B001F-54CF-418D-94B2-6C03E2C6E384}.Debug|Any CPU.ActiveCfg = Debug|Any CPU
		{002B001F-54CF-418D-94B2-6C03E2C6E384}.Debug|Any CPU.Build.0 = Debug|Any CPU
		{002B001F-54CF-418D-94B2-6C03E2C6E384}.Debug|Any CPU.Deploy.0 = Debug|Any CPU
		{002B001F-54CF-418D-94B2-6C03E2C6E384}.Debug|iPhone.ActiveCfg = Debug|Any CPU
		{002B001F-54CF-418D-94B2-6C03E2C6E384}.Debug|iPhone.Build.0 = Debug|Any CPU
		{002B001F-54CF-418D-94B2-6C03E2C6E384}.Debug|iPhone.Deploy.0 = Debug|Any CPU
		{002B001F-54CF-418D-94B2-6C03E2C6E384}.Debug|iPhoneSimulator.ActiveCfg = Debug|Any CPU
		{002B001F-54CF-418D-94B2-6C03E2C6E384}.Debug|iPhoneSimulator.Build.0 = Debug|Any CPU
		{002B001F-54CF-418D-94B2-6C03E2C6E384}.Debug|iPhoneSimulator.Deploy.0 = Debug|Any CPU
		{002B001F-54CF-418D-94B2-6C03E2C6E384}.Release|Any CPU.ActiveCfg = Release|Any CPU
		{002B001F-54CF-418D-94B2-6C03E2C6E384}.Release|Any CPU.Build.0 = Release|Any CPU
		{002B001F-54CF-418D-94B2-6C03E2C6E384}.Release|Any CPU.Deploy.0 = Release|Any CPU
		{002B001F-54CF-418D-94B2-6C03E2C6E384}.Release|iPhone.ActiveCfg = Release|Any CPU
		{002B001F-54CF-418D-94B2-6C03E2C6E384}.Release|iPhone.Build.0 = Release|Any CPU
		{002B001F-54CF-418D-94B2-6C03E2C6E384}.Release|iPhone.Deploy.0 = Release|Any CPU
		{002B001F-54CF-418D-94B2-6C03E2C6E384}.Release|iPhoneSimulator.ActiveCfg = Release|Any CPU
		{002B001F-54CF-418D-94B2-6C03E2C6E384}.Release|iPhoneSimulator.Build.0 = Release|Any CPU
		{002B001F-54CF-418D-94B2-6C03E2C6E384}.Release|iPhoneSimulator.Deploy.0 = Release|Any CPU
		{05862E9B-EAC8-46E0-B5A1-D37C88327A30}.Debug|Any CPU.ActiveCfg = Debug|iPhoneSimulator
		{05862E9B-EAC8-46E0-B5A1-D37C88327A30}.Debug|Any CPU.Build.0 = Debug|iPhoneSimulator
		{05862E9B-EAC8-46E0-B5A1-D37C88327A30}.Debug|Any CPU.Deploy.0 = Debug|iPhoneSimulator
		{05862E9B-EAC8-46E0-B5A1-D37C88327A30}.Debug|iPhone.ActiveCfg = Debug|iPhone
		{05862E9B-EAC8-46E0-B5A1-D37C88327A30}.Debug|iPhone.Build.0 = Debug|iPhone
		{05862E9B-EAC8-46E0-B5A1-D37C88327A30}.Debug|iPhone.Deploy.0 = Debug|iPhone
		{05862E9B-EAC8-46E0-B5A1-D37C88327A30}.Debug|iPhoneSimulator.ActiveCfg = Debug|iPhoneSimulator
		{05862E9B-EAC8-46E0-B5A1-D37C88327A30}.Debug|iPhoneSimulator.Build.0 = Debug|iPhoneSimulator
		{05862E9B-EAC8-46E0-B5A1-D37C88327A30}.Debug|iPhoneSimulator.Deploy.0 = Debug|iPhoneSimulator
		{05862E9B-EAC8-46E0-B5A1-D37C88327A30}.Release|Any CPU.ActiveCfg = Release|iPhone
		{05862E9B-EAC8-46E0-B5A1-D37C88327A30}.Release|Any CPU.Build.0 = Release|iPhone
		{05862E9B-EAC8-46E0-B5A1-D37C88327A30}.Release|Any CPU.Deploy.0 = Release|iPhone
		{05862E9B-EAC8-46E0-B5A1-D37C88327A30}.Release|iPhone.ActiveCfg = Release|iPhone
		{05862E9B-EAC8-46E0-B5A1-D37C88327A30}.Release|iPhone.Build.0 = Release|iPhone
		{05862E9B-EAC8-46E0-B5A1-D37C88327A30}.Release|iPhone.Deploy.0 = Release|iPhone
		{05862E9B-EAC8-46E0-B5A1-D37C88327A30}.Release|iPhoneSimulator.ActiveCfg = Release|iPhoneSimulator
		{05862E9B-EAC8-46E0-B5A1-D37C88327A30}.Release|iPhoneSimulator.Build.0 = Release|iPhoneSimulator
		{05862E9B-EAC8-46E0-B5A1-D37C88327A30}.Release|iPhoneSimulator.Deploy.0 = Release|iPhoneSimulator
		{2FDFC045-6C0B-438F-9576-33DD5E4F22BF}.Debug|Any CPU.ActiveCfg = Debug|Any CPU
		{2FDFC045-6C0B-438F-9576-33DD5E4F22BF}.Debug|Any CPU.Build.0 = Debug|Any CPU
		{2FDFC045-6C0B-438F-9576-33DD5E4F22BF}.Debug|Any CPU.Deploy.0 = Debug|Any CPU
		{2FDFC045-6C0B-438F-9576-33DD5E4F22BF}.Debug|iPhone.ActiveCfg = Debug|Any CPU
		{2FDFC045-6C0B-438F-9576-33DD5E4F22BF}.Debug|iPhone.Build.0 = Debug|Any CPU
		{2FDFC045-6C0B-438F-9576-33DD5E4F22BF}.Debug|iPhone.Deploy.0 = Debug|Any CPU
		{2FDFC045-6C0B-438F-9576-33DD5E4F22BF}.Debug|iPhoneSimulator.ActiveCfg = Debug|Any CPU
		{2FDFC045-6C0B-438F-9576-33DD5E4F22BF}.Debug|iPhoneSimulator.Build.0 = Debug|Any CPU
		{2FDFC045-6C0B-438F-9576-33DD5E4F22BF}.Debug|iPhoneSimulator.Deploy.0 = Debug|Any CPU
		{2FDFC045-6C0B-438F-9576-33DD5E4F22BF}.Release|Any CPU.ActiveCfg = Release|Any CPU
		{2FDFC045-6C0B-438F-9576-33DD5E4F22BF}.Release|Any CPU.Build.0 = Release|Any CPU
		{2FDFC045-6C0B-438F-9576-33DD5E4F22BF}.Release|Any CPU.Deploy.0 = Release|Any CPU
		{2FDFC045-6C0B-438F-9576-33DD5E4F22BF}.Release|iPhone.ActiveCfg = Release|Any CPU
		{2FDFC045-6C0B-438F-9576-33DD5E4F22BF}.Release|iPhone.Build.0 = Release|Any CPU
		{2FDFC045-6C0B-438F-9576-33DD5E4F22BF}.Release|iPhone.Deploy.0 = Release|Any CPU
		{2FDFC045-6C0B-438F-9576-33DD5E4F22BF}.Release|iPhoneSimulator.ActiveCfg = Release|Any CPU
		{2FDFC045-6C0B-438F-9576-33DD5E4F22BF}.Release|iPhoneSimulator.Build.0 = Release|Any CPU
		{2FDFC045-6C0B-438F-9576-33DD5E4F22BF}.Release|iPhoneSimulator.Deploy.0 = Release|Any CPU
		{79960C06-09DE-4A38-BA0F-C4F8081C4CA8}.Debug|Any CPU.ActiveCfg = Debug|Any CPU
		{79960C06-09DE-4A38-BA0F-C4F8081C4CA8}.Debug|Any CPU.Build.0 = Debug|Any CPU
		{79960C06-09DE-4A38-BA0F-C4F8081C4CA8}.Debug|iPhone.ActiveCfg = Debug|Any CPU
		{79960C06-09DE-4A38-BA0F-C4F8081C4CA8}.Debug|iPhone.Build.0 = Debug|Any CPU
		{79960C06-09DE-4A38-BA0F-C4F8081C4CA8}.Debug|iPhoneSimulator.ActiveCfg = Debug|Any CPU
		{79960C06-09DE-4A38-BA0F-C4F8081C4CA8}.Debug|iPhoneSimulator.Build.0 = Debug|Any CPU
		{79960C06-09DE-4A38-BA0F-C4F8081C4CA8}.Release|Any CPU.ActiveCfg = Release|Any CPU
		{79960C06-09DE-4A38-BA0F-C4F8081C4CA8}.Release|Any CPU.Build.0 = Release|Any CPU
		{79960C06-09DE-4A38-BA0F-C4F8081C4CA8}.Release|iPhone.ActiveCfg = Release|Any CPU
		{79960C06-09DE-4A38-BA0F-C4F8081C4CA8}.Release|iPhone.Build.0 = Release|Any CPU
		{79960C06-09DE-4A38-BA0F-C4F8081C4CA8}.Release|iPhoneSimulator.ActiveCfg = Release|Any CPU
		{79960C06-09DE-4A38-BA0F-C4F8081C4CA8}.Release|iPhoneSimulator.Build.0 = Release|Any CPU
		{7164E164-3DC3-45F1-BD75-3BA0F1E022BF}.Debug|Any CPU.ActiveCfg = Debug|Any CPU
		{7164E164-3DC3-45F1-BD75-3BA0F1E022BF}.Debug|Any CPU.Build.0 = Debug|Any CPU
		{7164E164-3DC3-45F1-BD75-3BA0F1E022BF}.Debug|iPhone.ActiveCfg = Debug|Any CPU
		{7164E164-3DC3-45F1-BD75-3BA0F1E022BF}.Debug|iPhone.Build.0 = Debug|Any CPU
		{7164E164-3DC3-45F1-BD75-3BA0F1E022BF}.Debug|iPhoneSimulator.ActiveCfg = Debug|Any CPU
		{7164E164-3DC3-45F1-BD75-3BA0F1E022BF}.Debug|iPhoneSimulator.Build.0 = Debug|Any CPU
		{7164E164-3DC3-45F1-BD75-3BA0F1E022BF}.Release|Any CPU.ActiveCfg = Release|Any CPU
		{7164E164-3DC3-45F1-BD75-3BA0F1E022BF}.Release|Any CPU.Build.0 = Release|Any CPU
		{7164E164-3DC3-45F1-BD75-3BA0F1E022BF}.Release|iPhone.ActiveCfg = Release|Any CPU
		{7164E164-3DC3-45F1-BD75-3BA0F1E022BF}.Release|iPhone.Build.0 = Release|Any CPU
		{7164E164-3DC3-45F1-BD75-3BA0F1E022BF}.Release|iPhoneSimulator.ActiveCfg = Release|Any CPU
		{7164E164-3DC3-45F1-BD75-3BA0F1E022BF}.Release|iPhoneSimulator.Build.0 = Release|Any CPU
		{4B24E836-70D0-4016-9E35-87565E6277DA}.Debug|Any CPU.ActiveCfg = Debug|Any CPU
		{4B24E836-70D0-4016-9E35-87565E6277DA}.Debug|Any CPU.Build.0 = Debug|Any CPU
		{4B24E836-70D0-4016-9E35-87565E6277DA}.Debug|iPhone.ActiveCfg = Debug|Any CPU
		{4B24E836-70D0-4016-9E35-87565E6277DA}.Debug|iPhone.Build.0 = Debug|Any CPU
		{4B24E836-70D0-4016-9E35-87565E6277DA}.Debug|iPhoneSimulator.ActiveCfg = Debug|Any CPU
		{4B24E836-70D0-4016-9E35-87565E6277DA}.Debug|iPhoneSimulator.Build.0 = Debug|Any CPU
		{4B24E836-70D0-4016-9E35-87565E6277DA}.Release|Any CPU.ActiveCfg = Release|Any CPU
		{4B24E836-70D0-4016-9E35-87565E6277DA}.Release|Any CPU.Build.0 = Release|Any CPU
		{4B24E836-70D0-4016-9E35-87565E6277DA}.Release|iPhone.ActiveCfg = Release|Any CPU
		{4B24E836-70D0-4016-9E35-87565E6277DA}.Release|iPhone.Build.0 = Release|Any CPU
		{4B24E836-70D0-4016-9E35-87565E6277DA}.Release|iPhoneSimulator.ActiveCfg = Release|Any CPU
		{4B24E836-70D0-4016-9E35-87565E6277DA}.Release|iPhoneSimulator.Build.0 = Release|Any CPU
		{C8977D71-3041-44C1-82B0-F3DF0FC87B4A}.Debug|Any CPU.ActiveCfg = Debug|Any CPU
		{C8977D71-3041-44C1-82B0-F3DF0FC87B4A}.Debug|Any CPU.Build.0 = Debug|Any CPU
		{C8977D71-3041-44C1-82B0-F3DF0FC87B4A}.Debug|iPhone.ActiveCfg = Debug|Any CPU
		{C8977D71-3041-44C1-82B0-F3DF0FC87B4A}.Debug|iPhone.Build.0 = Debug|Any CPU
		{C8977D71-3041-44C1-82B0-F3DF0FC87B4A}.Debug|iPhoneSimulator.ActiveCfg = Debug|Any CPU
		{C8977D71-3041-44C1-82B0-F3DF0FC87B4A}.Debug|iPhoneSimulator.Build.0 = Debug|Any CPU
		{C8977D71-3041-44C1-82B0-F3DF0FC87B4A}.Release|Any CPU.ActiveCfg = Release|Any CPU
		{C8977D71-3041-44C1-82B0-F3DF0FC87B4A}.Release|Any CPU.Build.0 = Release|Any CPU
		{C8977D71-3041-44C1-82B0-F3DF0FC87B4A}.Release|iPhone.ActiveCfg = Release|Any CPU
		{C8977D71-3041-44C1-82B0-F3DF0FC87B4A}.Release|iPhone.Build.0 = Release|Any CPU
		{C8977D71-3041-44C1-82B0-F3DF0FC87B4A}.Release|iPhoneSimulator.ActiveCfg = Release|Any CPU
		{C8977D71-3041-44C1-82B0-F3DF0FC87B4A}.Release|iPhoneSimulator.Build.0 = Release|Any CPU
	EndGlobalSection
	GlobalSection(SolutionProperties) = preSolution
		HideSolutionNode = FALSE
	EndGlobalSection
	GlobalSection(NestedProjects) = preSolution
		{002B001F-54CF-418D-94B2-6C03E2C6E384} = {53F4C7AD-42F7-401D-ADD9-6F1210E9EF73}
		{05862E9B-EAC8-46E0-B5A1-D37C88327A30} = {53F4C7AD-42F7-401D-ADD9-6F1210E9EF73}
	EndGlobalSection
	GlobalSection(ExtensibilityGlobals) = postSolution
		SolutionGuid = {2889AB57-25F3-45F0-AB9E-8A679DC4E56E}
	EndGlobalSection
EndGlobal
